
Microsoft Visual Studio Solution File, Format Version 12.00
# Visual Studio Version 16
VisualStudioVersion = 16.0.30320.27
MinimumVisualStudioVersion = 10.0.40219.1
Project("{FAE04EC0-301F-11D3-BF4B-00C04F79EFBC}") = "Lab11_5EFCoreDbContextLINQSakilaDB", "Lab11_5EFCoreDbContextLINQSakilaDB.csproj", "{E092213E-6F88-4E7A-97A8-F273AB69A788}"
EndProject
Global
	GlobalSection(SolutionConfigurationPlatforms) = preSolution
		Debug|Any CPU = Debug|Any CPU
		Release|Any CPU = Release|Any CPU
	EndGlobalSection
	GlobalSection(ProjectConfigurationPlatforms) = postSolution
		{E092213E-6F88-4E7A-97A8-F273AB69A788}.Debug|Any CPU.ActiveCfg = Debug|Any CPU
		{E092213E-6F88-4E7A-97A8-F273AB69A788}.Debug|Any CPU.Build.0 = Debug|Any CPU
		{E092213E-6F88-4E7A-97A8-F273AB69A788}.Release|Any CPU.ActiveCfg = Release|Any CPU
		{E092213E-6F88-4E7A-97A8-F273AB69A788}.Release|Any CPU.Build.0 = Release|Any CPU
	EndGlobalSection
	GlobalSection(SolutionProperties) = preSolution
		HideSolutionNode = FALSE
	EndGlobalSection
	GlobalSection(ExtensibilityGlobals) = postSolution
		SolutionGuid = {D7BFF0BF-3045-402D-9169-07BAA8E0CDF1}
	EndGlobalSection
EndGlobal
